// !$*UTF8*$!
{
	archiveVersion = 1;
	classes = {
	};
	objectVersion = 46;
	objects = {

/* Begin PBXBuildFile section */
		EFC7B0291AA315BD00D6A976 /* AppDelegate.swift in Sources */ = {isa = PBXBuildFile; fileRef = EFC7B0281AA315BD00D6A976 /* AppDelegate.swift */; };
		EFC7B02B1AA315BD00D6A976 /* ViewController.swift in Sources */ = {isa = PBXBuildFile; fileRef = EFC7B02A1AA315BD00D6A976 /* ViewController.swift */; };
		EFC7B02E1AA315BD00D6A976 /* Main.storyboard in Resources */ = {isa = PBXBuildFile; fileRef = EFC7B02C1AA315BD00D6A976 /* Main.storyboard */; };
		EFC7B0301AA315BD00D6A976 /* Images.xcassets in Resources */ = {isa = PBXBuildFile; fileRef = EFC7B02F1AA315BD00D6A976 /* Images.xcassets */; };
		EFC7B0331AA315BD00D6A976 /* LaunchScreen.xib in Resources */ = {isa = PBXBuildFile; fileRef = EFC7B0311AA315BD00D6A976 /* LaunchScreen.xib */; };
		EFC7B03F1AA315BD00D6A976 /* Animator_and_CollisionTests.swift in Sources */ = {isa = PBXBuildFile; fileRef = EFC7B03E1AA315BD00D6A976 /* Animator_and_CollisionTests.swift */; };
/* End PBXBuildFile section */

/* Begin PBXContainerItemProxy section */
		EFC7B0391AA315BD00D6A976 /* PBXContainerItemProxy */ = {
			isa = PBXContainerItemProxy;
			containerPortal = EFC7B01B1AA315BD00D6A976 /* Project object */;
			proxyType = 1;
			remoteGlobalIDString = EFC7B0221AA315BD00D6A976;
			remoteInfo = "Animator and Collision";
		};
/* End PBXContainerItemProxy section */

/* Begin PBXFileReference section */
		EFC7B0231AA315BD00D6A976 /* Animator and Collision.app */ = {isa = PBXFileReference; explicitFileType = wrapper.application; includeInIndex = 0; path = "Animator and Collision.app"; sourceTree = BUILT_PRODUCTS_DIR; };
		EFC7B0271AA315BD00D6A976 /* Info.plist */ = {isa = PBXFileReference; lastKnownFileType = text.plist.xml; path = Info.plist; sourceTree = "<group>"; };
		EFC7B0281AA315BD00D6A976 /* AppDelegate.swift */ = {isa = PBXFileReference; lastKnownFileType = sourcecode.swift; path = AppDelegate.swift; sourceTree = "<group>"; };
		EFC7B02A1AA315BD00D6A976 /* ViewController.swift */ = {isa = PBXFileReference; lastKnownFileType = sourcecode.swift; path = ViewController.swift; sourceTree = "<group>"; };
		EFC7B02D1AA315BD00D6A976 /* Base */ = {isa = PBXFileReference; lastKnownFileType = file.storyboard; name = Base; path = Base.lproj/Main.storyboard; sourceTree = "<group>"; };
		EFC7B02F1AA315BD00D6A976 /* Images.xcassets */ = {isa = PBXFileReference; lastKnownFileType = folder.assetcatalog; path = Images.xcassets; sourceTree = "<group>"; };
		EFC7B0321AA315BD00D6A976 /* Base */ = {isa = PBXFileReference; lastKnownFileType = file.xib; name = Base; path = Base.lproj/LaunchScreen.xib; sourceTree = "<group>"; };
		EFC7B0381AA315BD00D6A976 /* Animator and CollisionTests.xctest */ = {isa = PBXFileReference; explicitFileType = wrapper.cfbundle; includeInIndex = 0; path = "Animator and CollisionTests.xctest"; sourceTree = BUILT_PRODUCTS_DIR; };
		EFC7B03D1AA315BD00D6A976 /* Info.plist */ = {isa = PBXFileReference; lastKnownFileType = text.plist.xml; path = Info.plist; sourceTree = "<group>"; };
		EFC7B03E1AA315BD00D6A976 /* Animator_and_CollisionTests.swift */ = {isa = PBXFileReference; lastKnownFileType = sourcecode.swift; path = Animator_and_CollisionTests.swift; sourceTree = "<group>"; };
/* End PBXFileReference section */

/* Begin PBXFrameworksBuildPhase section */
		EFC7B0201AA315BD00D6A976 /* Frameworks */ = {
			isa = PBXFrameworksBuildPhase;
			buildActionMask = 2147483647;
			files = (
			);
			runOnlyForDeploymentPostprocessing = 0;
		};
		EFC7B0351AA315BD00D6A976 /* Frameworks */ = {
			isa = PBXFrameworksBuildPhase;
			buildActionMask = 2147483647;
			files = (
			);
			runOnlyForDeploymentPostprocessing = 0;
		};
/* End PBXFrameworksBuildPhase section */

/* Begin PBXGroup section */
		EFC7B01A1AA315BD00D6A976 = {
			isa = PBXGroup;
			children = (
				EFC7B0251AA315BD00D6A976 /* Animator and Collision */,
				EFC7B03B1AA315BD00D6A976 /* Animator and CollisionTests */,
				EFC7B0241AA315BD00D6A976 /* Products */,
			);
			sourceTree = "<group>";
		};
		EFC7B0241AA315BD00D6A976 /* Products */ = {
			isa = PBXGroup;
			children = (
				EFC7B0231AA315BD00D6A976 /* Animator and Collision.app */,
				EFC7B0381AA315BD00D6A976 /* Animator and CollisionTests.xctest */,
			);
			name = Products;
			sourceTree = "<group>";
		};
		EFC7B0251AA315BD00D6A976 /* Animator and Collision */ = {
			isa = PBXGroup;
			children = (
				EFC7B0281AA315BD00D6A976 /* AppDelegate.swift */,
				EFC7B02A1AA315BD00D6A976 /* ViewController.swift */,
				EFC7B02C1AA315BD00D6A976 /* Main.storyboard */,
				EFC7B02F1AA315BD00D6A976 /* Images.xcassets */,
				EFC7B0311AA315BD00D6A976 /* LaunchScreen.xib */,
				EFC7B0261AA315BD00D6A976 /* Supporting Files */,
			);
			path = "Animator and Collision";
			sourceTree = "<group>";
		};
		EFC7B0261AA315BD00D6A976 /* Supporting Files */ = {
			isa = PBXGroup;
			children = (
				EFC7B0271AA315BD00D6A976 /* Info.plist */,
			);
			name = "Supporting Files";
			sourceTree = "<group>";
		};
		EFC7B03B1AA315BD00D6A976 /* Animator and CollisionTests */ = {
			isa = PBXGroup;
			children = (
				EFC7B03E1AA315BD00D6A976 /* Animator_and_CollisionTests.swift */,
				EFC7B03C1AA315BD00D6A976 /* Supporting Files */,
			);
			path = "Animator and CollisionTests";
			sourceTree = "<group>";
		};
		EFC7B03C1AA315BD00D6A976 /* Supporting Files */ = {
			isa = PBXGroup;
			children = (
				EFC7B03D1AA315BD00D6A976 /* Info.plist */,
			);
			name = "Supporting Files";
			sourceTree = "<group>";
		};
/* End PBXGroup section */

/* Begin PBXNativeTarget section */
		EFC7B0221AA315BD00D6A976 /* Animator and Collision */ = {
			isa = PBXNativeTarget;
			buildConfigurationList = EFC7B0421AA315BD00D6A976 /* Build configuration list for PBXNativeTarget "Animator and Collision" */;
			buildPhases = (
				EFC7B01F1AA315BD00D6A976 /* Sources */,
				EFC7B0201AA315BD00D6A976 /* Frameworks */,
				EFC7B0211AA315BD00D6A976 /* Resources */,
			);
			buildRules = (
			);
			dependencies = (
			);
			name = "Animator and Collision";
			productName = "Animator and Collision";
			productReference = EFC7B0231AA315BD00D6A976 /* Animator and Collision.app */;
			productType = "com.apple.product-type.application";
		};
		EFC7B0371AA315BD00D6A976 /* Animator and CollisionTests */ = {
			isa = PBXNativeTarget;
			buildConfigurationList = EFC7B0451AA315BD00D6A976 /* Build configuration list for PBXNativeTarget "Animator and CollisionTests" */;
			buildPhases = (
				EFC7B0341AA315BD00D6A976 /* Sources */,
				EFC7B0351AA315BD00D6A976 /* Frameworks */,
				EFC7B0361AA315BD00D6A976 /* Resources */,
			);
			buildRules = (
			);
			dependencies = (
				EFC7B03A1AA315BD00D6A976 /* PBXTargetDependency */,
			);
			name = "Animator and CollisionTests";
			productName = "Animator and CollisionTests";
			productReference = EFC7B0381AA315BD00D6A976 /* Animator and CollisionTests.xctest */;
			productType = "com.apple.product-type.bundle.unit-test";
		};
/* End PBXNativeTarget section */

/* Begin PBXProject section */
		EFC7B01B1AA315BD00D6A976 /* Project object */ = {
			isa = PBXProject;
			attributes = {
				LastUpgradeCheck = 0610;
				ORGANIZATIONNAME = Clicklabs117;
				TargetAttributes = {
					EFC7B0221AA315BD00D6A976 = {
						CreatedOnToolsVersion = 6.1.1;
					};
					EFC7B0371AA315BD00D6A976 = {
						CreatedOnToolsVersion = 6.1.1;
						TestTargetID = EFC7B0221AA315BD00D6A976;
					};
				};
			};
			buildConfigurationList = EFC7B01E1AA315BD00D6A976 /* Build configuration list for PBXProject "Animator and Collision" */;
			compatibilityVersion = "Xcode 3.2";
			developmentRegion = English;
			hasScannedForEncodings = 0;
			knownRegions = (
				en,
				Base,
			);
			mainGroup = EFC7B01A1AA315BD00D6A976;
			productRefGroup = EFC7B0241AA315BD00D6A976 /* Products */;
			projectDirPath = "";
			projectRoot = "";
			targets = (
				EFC7B0221AA315BD00D6A976 /* Animator and Collision */,
				EFC7B0371AA315BD00D6A976 /* Animator and CollisionTests */,
			);
		};
/* End PBXProject section */

/* Begin PBXResourcesBuildPhase section */
		EFC7B0211AA315BD00D6A976 /* Resources */ = {
			isa = PBXResourcesBuildPhase;
			buildActionMask = 2147483647;
			files = (
				EFC7B02E1AA315BD00D6A976 /* Main.storyboard in Resources */,
				EFC7B0331AA315BD00D6A976 /* LaunchScreen.xib in Resources */,
				EFC7B0301AA315BD00D6A976 /* Images.xcassets in Resources */,
			);
			runOnlyForDeploymentPostprocessing = 0;
		};
		EFC7B0361AA315BD00D6A976 /* Resources */ = {
			isa = PBXResourcesBuildPhase;
			buildActionMask = 2147483647;
			files = (
			);
			runOnlyForDeploymentPostprocessing = 0;
		};
/* End PBXResourcesBuildPhase section */

/* Begin PBXSourcesBuildPhase section */
		EFC7B01F1AA315BD00D6A976 /* Sources */ = {
			isa = PBXSourcesBuildPhase;
			buildActionMask = 2147483647;
			files = (
				EFC7B02B1AA315BD00D6A976 /* ViewController.swift in Sources */,
				EFC7B0291AA315BD00D6A976 /* AppDelegate.swift in Sources */,
			);
			runOnlyForDeploymentPostprocessing = 0;
		};
		EFC7B0341AA315BD00D6A976 /* Sources */ = {
			isa = PBXSourcesBuildPhase;
			buildActionMask = 2147483647;
			files = (
				EFC7B03F1AA315BD00D6A976 /* Animator_and_CollisionTests.swift in Sources */,
			);
			runOnlyForDeploymentPostprocessing = 0;
		};
/* End PBXSourcesBuildPhase section */

/* Begin PBXTargetDependency section */
		EFC7B03A1AA315BD00D6A976 /* PBXTargetDependency */ = {
			isa = PBXTargetDependency;
			target = EFC7B0221AA315BD00D6A976 /* Animator and Collision */;
			targetProxy = EFC7B0391AA315BD00D6A976 /* PBXContainerItemProxy */;
		};
/* End PBXTargetDependency section */

/* Begin PBXVariantGroup section */
		EFC7B02C1AA315BD00D6A976 /* Main.storyboard */ = {
			isa = PBXVariantGroup;
			children = (
				EFC7B02D1AA315BD00D6A976 /* Base */,
			);
			name = Main.storyboard;
			sourceTree = "<group>";
		};
		EFC7B0311AA315BD00D6A976 /* LaunchScreen.xib */ = {
			isa = PBXVariantGroup;
			children = (
				EFC7B0321AA315BD00D6A976 /* Base */,
			);
			name = LaunchScreen.xib;
			sourceTree = "<group>";
		};
/* End PBXVariantGroup section */

/* Begin XCBuildConfiguration section */
		EFC7B0401AA315BD00D6A976 /* Debug */ = {
			isa = XCBuildConfiguration;
			buildSettings = {
				ALWAYS_SEARCH_USER_PATHS = NO;
				CLANG_CXX_LANGUAGE_STANDARD = "gnu++0x";
				CLANG_CXX_LIBRARY = "libc++";
				CLANG_ENABLE_MODULES = YES;
				CLANG_ENABLE_OBJC_ARC = YES;
				CLANG_WARN_BOOL_CONVERSION = YES;
				CLANG_WARN_CONSTANT_CONVERSION = YES;
				CLANG_WARN_DIRECT_OBJC_ISA_USAGE = YES_ERROR;
				CLANG_WARN_EMPTY_BODY = YES;
				CLANG_WARN_ENUM_CONVERSION = YES;
				CLANG_WARN_INT_CONVERSION = YES;
				CLANG_WARN_OBJC_ROOT_CLASS = YES_ERROR;
				CLANG_WARN_UNREACHABLE_CODE = YES;
				CLANG_WARN__DUPLICATE_METHOD_MATCH = YES;
				"CODE_SIGN_IDENTITY[sdk=iphoneos*]" = "iPhone Developer";
				COPY_PHASE_STRIP = NO;
				ENABLE_STRICT_OBJC_MSGSEND = YES;
				GCC_C_LANGUAGE_STANDARD = gnu99;
				GCC_DYNAMIC_NO_PIC = NO;
				GCC_OPTIMIZATION_LEVEL = 0;
				GCC_PREPROCESSOR_DEFINITIONS = (
					"DEBUG=1",
					"$(inherited)",
				);
				GCC_SYMBOLS_PRIVATE_EXTERN = NO;
				GCC_WARN_64_TO_32_BIT_CONVERSION = YES;
				GCC_WARN_ABOUT_RETURN_TYPE = YES_ERROR;
				GCC_WARN_UNDECLARED_SELECTOR = YES;
				GCC_WARN_UNINITIALIZED_AUTOS = YES_AGGRESSIVE;
				GCC_WARN_UNUSED_FUNCTION = YES;
				GCC_WARN_UNUSED_VARIABLE = YES;
				IPHONEOS_DEPLOYMENT_TARGET = 8.1;
				MTL_ENABLE_DEBUG_INFO = YES;
				ONLY_ACTIVE_ARCH = YES;
				SDKROOT = iphoneos;
				SWIFT_OPTIMIZATION_LEVEL = "-Onone";
				TARGETED_DEVICE_FAMILY = "1,2";
			};
			name = Debug;
		};
		EFC7B0411AA315BD00D6A976 /* Release */ = {
			isa = XCBuildConfiguration;
			buildSettings = {
				ALWAYS_SEARCH_USER_PATHS = NO;
				CLANG_CXX_LANGUAGE_STANDARD = "gnu++0x";
				CLANG_CXX_LIBRARY = "libc++";
				CLANG_ENABLE_MODULES = YES;
				CLANG_ENABLE_OBJC_ARC = YES;
				CLANG_WARN_BOOL_CONVERSION = YES;
				CLANG_WARN_CONSTANT_CONVERSION = YES;
				CLANG_WARN_DIRECT_OBJC_ISA_USAGE = YES_ERROR;
				CLANG_WARN_EMPTY_BODY = YES;
				CLANG_WARN_ENUM_CONVERSION = YES;
				CLANG_WARN_INT_CONVERSION = YES;
				CLANG_WARN_OBJC_ROOT_CLASS = YES_ERROR;
				CLANG_WARN_UNREACHABLE_CODE = YES;
				CLANG_WARN__DUPLICATE_METHOD_MATCH = YES;
				"CODE_SIGN_IDENTITY[sdk=iphoneos*]" = "iPhone Developer";
				COPY_PHASE_STRIP = YES;
				ENABLE_NS_ASSERTIONS = NO;
				ENABLE_STRICT_OBJC_MSGSEND = YES;
				GCC_C_LANGUAGE_STANDARD = gnu99;
				GCC_WARN_64_TO_32_BIT_CONVERSION = YES;
				GCC_WARN_ABOUT_RETURN_TYPE = YES_ERROR;
				GCC_WARN_UNDECLARED_SELECTOR = YES;
				GCC_WARN_UNINITIALIZED_AUTOS = YES_AGGRESSIVE;
				GCC_WARN_UNUSED_FUNCTION = YES;
				GCC_WARN_UNUSED_VARIABLE = YES;
				IPHONEOS_DEPLOYMENT_TARGET = 8.1;
				MTL_ENABLE_DEBUG_INFO = NO;
				SDKROOT = iphoneos;
				TARGETED_DEVICE_FAMILY = "1,2";
				VALIDATE_PRODUCT = YES;
			};
			name = Release;
		};
		EFC7B0431AA315BD00D6A976 /* Debug */ = {
			isa = XCBuildConfiguration;
			buildSettings = {
				ASSETCATALOG_COMPILER_APPICON_NAME = AppIcon;
				INFOPLIST_FILE = "Animator and Collision/Info.plist";
				LD_RUNPATH_SEARCH_PATHS = "$(inherited) @executable_path/Frameworks";
				PRODUCT_NAME = "$(TARGET_NAME)";
			};
			name = Debug;
		};
		EFC7B0441AA315BD00D6A976 /* Release */ = {
			isa = XCBuildConfiguration;
			buildSettings = {
				ASSETCATALOG_COMPILER_APPICON_NAME = AppIcon;
				INFOPLIST_FILE = "Animator and Collision/Info.plist";
				LD_RUNPATH_SEARCH_PATHS = "$(inherited) @executable_path/Frameworks";
				PRODUCT_NAME = "$(TARGET_NAME)";
			};
			name = Release;
		};
		EFC7B0461AA315BD00D6A976 /* Debug */ = {
			isa = XCBuildConfiguration;
			buildSettings = {
				BUNDLE_LOADER = "$(TEST_HOST)";
				FRAMEWORK_SEARCH_PATHS = (
					"$(SDKROOT)/Developer/Library/Frameworks",
					"$(inherited)",
				);
				GCC_PREPROCESSOR_DEFINITIONS = (
					"DEBUG=1",
					"$(inherited)",
				);
				INFOPLIST_FILE = "Animator and CollisionTests/Info.plist";
				LD_RUNPATH_SEARCH_PATHS = "$(inherited) @executable_path/Frameworks @loader_path/Frameworks";
				PRODUCT_NAME = "$(TARGET_NAME)";
				TEST_HOST = "$(BUILT_PRODUCTS_DIR)/Animator and Collision.app/Animator and Collision";
			};
			name = Debug;
		};
		EFC7B0471AA315BD00D6A976 /* Release */ = {
			isa = XCBuildConfiguration;
			buildSettings = {
				BUNDLE_LOADER = "$(TEST_HOST)";
				FRAMEWORK_SEARCH_PATHS = (
					"$(SDKROOT)/Developer/Library/Frameworks",
					"$(inherited)",
				);
				INFOPLIST_FILE = "Animator and CollisionTests/Info.plist";
				LD_RUNPATH_SEARCH_PATHS = "$(inherited) @executable_path/Frameworks @loader_path/Frameworks";
				PRODUCT_NAME = "$(TARGET_NAME)";
				TEST_HOST = "$(BUILT_PRODUCTS_DIR)/Animator and Collision.app/Animator and Collision";
			};
			name = Release;
		};
/* End XCBuildConfiguration section */

/* Begin XCConfigurationList section */
		EFC7B01E1AA315BD00D6A976 /* Build configuration list for PBXProject "Animator and Collision" */ = {
			isa = XCConfigurationList;
			buildConfigurations = (
				EFC7B0401AA315BD00D6A976 /* Debug */,
				EFC7B0411AA315BD00D6A976 /* Release */,
			);
			defaultConfigurationIsVisible = 0;
			defaultConfigurationName = Release;
		};
		EFC7B0421AA315BD00D6A976 /* Build configuration list for PBXNativeTarget "Animator and Collision" */ = {
			isa = XCConfigurationList;
			buildConfigurations = (
				EFC7B0431AA315BD00D6A976 /* Debug */,
				EFC7B0441AA315BD00D6A976 /* Release */,
			);
			defaultConfigurationIsVisible = 0;
		};
		EFC7B0451AA315BD00D6A976 /* Build configuration list for PBXNativeTarget "Animator and CollisionTests" */ = {
			isa = XCConfigurationList;
			buildConfigurations = (
				EFC7B0461AA315BD00D6A976 /* Debug */,
				EFC7B0471AA315BD00D6A976 /* Release */,
			);
			defaultConfigurationIsVisible = 0;
		};
/* End XCConfigurationList section */
	};
	rootObject = EFC7B01B1AA315BD00D6A976 /* Project object */;
}
